<Solution>
  <Project Path="Billing/TMCWD.Billing.csproj" Id="09612385-17a7-4b27-9250-46a264de7bf4" />
  <Project Path="TMCWD.Administration/TMCWD.Administration.csproj" Id="4e6cc8b8-7588-436b-8457-750e2263dae8" />
  <Project Path="TMCWD.Application/TMCWD.Application.csproj" />
  <Project Path="TMCWD.CustomerSupport/TMCWD.CustomerSupport.csproj" Id="f6c72248-5ca5-4257-abd8-f137190d5951" />
  <Project Path="TMCWD.Data/TMCWD.Data.csproj" Id="7eef6108-d2d4-47fd-ba05-4713e8676c92" />
  <Project Path="TMCWD.Engineering/TMCWD.Engineering.csproj" Id="1e81ea05-7bfa-4024-a35a-9925a9f2be39" />
  <Project Path="TMCWD.Model/TMCWD.Model.csproj" Id="dce5392c-28fb-4ac3-b636-c8c79fea3f8d" />
  <Project Path="TMCWD.Services/TMCWD.Services.csproj" Id="48dbc74a-1c52-4407-a2b8-748ec62e3a1b" />
  <Project Path="TMCWD.Utility/TMCWD.Utility.csproj" Id="3e604da5-f3c1-439e-9f5c-aad4abb56eeb" />
</Solution>
